
Microsoft Visual Studio Solution File, Format Version 12.00
# Visual Studio Version 16
VisualStudioVersion = 16.0.31729.503
MinimumVisualStudioVersion = 10.0.40219.1
Project("{FAE04EC0-301F-11D3-BF4B-00C04F79EFBC}") = "Interface,thisAndBase", "thisAndBase\Interface,thisAndBase.csproj", "{44F22262-56E2-4B81-89ED-A289CBC2307B}"
EndProject
Global
	GlobalSection(SolutionConfigurationPlatforms) = preSolution
		Debug|Any CPU = Debug|Any CPU
		Release|Any CPU = Release|Any CPU
	EndGlobalSection
	GlobalSection(ProjectConfigurationPlatforms) = postSolution
		{44F22262-56E2-4B81-89ED-A289CBC2307B}.Debug|Any CPU.ActiveCfg = Debug|Any CPU
		{44F22262-56E2-4B81-89ED-A289CBC2307B}.Debug|Any CPU.Build.0 = Debug|Any CPU
		{44F22262-56E2-4B81-89ED-A289CBC2307B}.Release|Any CPU.ActiveCfg = Release|Any CPU
		{44F22262-56E2-4B81-89ED-A289CBC2307B}.Release|Any CPU.Build.0 = Release|Any CPU
	EndGlobalSection
	GlobalSection(SolutionProperties) = preSolution
		HideSolutionNode = FALSE
	EndGlobalSection
	GlobalSection(ExtensibilityGlobals) = postSolution
		SolutionGuid = {64FD4699-E939-45F8-AB5A-06994F8DA96B}
	EndGlobalSection
EndGlobal
